{
	"name": "@carb/react-diagrams-routing",
	"version": "6.7.0",
	"lockfileVersion": 1,
	"requires": true,
	"dependencies": {
		"@carb/geometry": {
			"version": "6.7.0"
		},
		"@carb/react-diagrams-core": {
			"version": "6.7.0",
			"requires": {
				"@carb/geometry": "^6.7.0",
				"@carb/react-canvas-core": "^6.7.0"
			},
			"dependencies": {
				"@carb/geometry": {
					"version": "6.7.0"
				},
				"@carb/react-canvas-core": {
					"version": "6.7.0",
					"requires": {
						"@carb/geometry": "^6.7.0"
					},
					"dependencies": {
						"@carb/geometry": {
							"version": "6.7.0"
						}
					}
				}
			}
		},
		"@carb/react-diagrams-defaults": {
			"version": "6.7.0",
			"requires": {
				"@carb/react-diagrams-core": "^6.7.0"
			},
			"dependencies": {
				"@carb/react-diagrams-core": {
					"version": "6.7.0",
					"requires": {
						"@carb/geometry": "^6.7.0",
						"@carb/react-canvas-core": "^6.7.0"
					},
					"dependencies": {
						"@carb/geometry": {
							"version": "6.7.0"
						},
						"@carb/react-canvas-core": {
							"version": "6.7.0",
							"requires": {
								"@carb/geometry": "^6.7.0"
							},
							"dependencies": {}
						}
					}
				}
			}
		}
	}
}
