{
	"name": "@carb/react-diagrams-core",
	"version": "6.7.1",
	"lockfileVersion": 1,
	"requires": true,
	"dependencies": {
		"@carb/geometry": {
			"version": "6.7.0"
		},
		"@carb/react-canvas-core": {
			"version": "6.7.0",
			"requires": {
				"@carb/geometry": "^6.7.0"
			},
			"dependencies": {
				"@carb/geometry": {
					"version": "6.7.0"
				}
			}
		}
	}
}
